
Microsoft Visual Studio Solution File, Format Version 12.00
# Visual Studio Version 16
VisualStudioVersion = 16.0.30611.23
MinimumVisualStudioVersion = 10.0.40219.1
Project("{FAE04EC0-301F-11D3-BF4B-00C04F79EFBC}") = "Sendgrid_API_Client", "Sendgrid_API_Client\Sendgrid_API_Client.csproj", "{CC5718EF-EF6E-4237-8E11-E677BE1C3F14}"
EndProject
Global
	GlobalSection(SolutionConfigurationPlatforms) = preSolution
		Debug|Any CPU = Debug|Any CPU
		Release|Any CPU = Release|Any CPU
	EndGlobalSection
	GlobalSection(ProjectConfigurationPlatforms) = postSolution
		{CC5718EF-EF6E-4237-8E11-E677BE1C3F14}.Debug|Any CPU.ActiveCfg = Debug|Any CPU
		{CC5718EF-EF6E-4237-8E11-E677BE1C3F14}.Debug|Any CPU.Build.0 = Debug|Any CPU
		{CC5718EF-EF6E-4237-8E11-E677BE1C3F14}.Release|Any CPU.ActiveCfg = Release|Any CPU
		{CC5718EF-EF6E-4237-8E11-E677BE1C3F14}.Release|Any CPU.Build.0 = Release|Any CPU
	EndGlobalSection
	GlobalSection(SolutionProperties) = preSolution
		HideSolutionNode = FALSE
	EndGlobalSection
	GlobalSection(ExtensibilityGlobals) = postSolution
		SolutionGuid = {03117A68-F28F-487A-A38E-536EB5976172}
	EndGlobalSection
EndGlobal
